
Microsoft Visual Studio Solution File, Format Version 12.00
# Visual Studio Version 17
VisualStudioVersion = 17.9.34728.123
MinimumVisualStudioVersion = 10.0.40219.1
Project("{FAE04EC0-301F-11D3-BF4B-00C04F79EFBC}") = "OpenTK Lighting", "OpenTK Lighting.csproj", "{7686BCBA-89A7-459C-B5D9-C59828389308}"
EndProject
Global
	GlobalSection(SolutionConfigurationPlatforms) = preSolution
		Debug|Any CPU = Debug|Any CPU
		Release|Any CPU = Release|Any CPU
	EndGlobalSection
	GlobalSection(ProjectConfigurationPlatforms) = postSolution
		{7686BCBA-89A7-459C-B5D9-C59828389308}.Debug|Any CPU.ActiveCfg = Debug|Any CPU
		{7686BCBA-89A7-459C-B5D9-C59828389308}.Debug|Any CPU.Build.0 = Debug|Any CPU
		{7686BCBA-89A7-459C-B5D9-C59828389308}.Release|Any CPU.ActiveCfg = Release|Any CPU
		{7686BCBA-89A7-459C-B5D9-C59828389308}.Release|Any CPU.Build.0 = Release|Any CPU
	EndGlobalSection
	GlobalSection(SolutionProperties) = preSolution
		HideSolutionNode = FALSE
	EndGlobalSection
	GlobalSection(ExtensibilityGlobals) = postSolution
		SolutionGuid = {F26D1C52-5C08-4620-BDD0-849082295C1F}
	EndGlobalSection
EndGlobal
